
Microsoft Visual Studio Solution File, Format Version 12.00
# Visual Studio Version 17
VisualStudioVersion = 17.14.36717.8
MinimumVisualStudioVersion = 10.0.40219.1
Project("{FAE04EC0-301F-11D3-BF4B-00C04F79EFBC}") = "demo.presntation", "demo.presntation\demo.presntation.csproj", "{728EA93A-6DBB-44B6-B25F-7289236C54F9}"
EndProject
Project("{FAE04EC0-301F-11D3-BF4B-00C04F79EFBC}") = "Demo.businesslogic", "Demo.businesslogic\Demo.businesslogic.csproj", "{E3903AB6-A6C9-4E75-8F6D-B3078556E157}"
EndProject
Project("{FAE04EC0-301F-11D3-BF4B-00C04F79EFBC}") = "Demo.DataAccess", "Demo.DataAccess\Demo.DataAccess.csproj", "{3AEE07EE-8549-407D-B8DF-85122FAD95E6}"
EndProject
Global
	GlobalSection(SolutionConfigurationPlatforms) = preSolution
		Debug|Any CPU = Debug|Any CPU
		Release|Any CPU = Release|Any CPU
	EndGlobalSection
	GlobalSection(ProjectConfigurationPlatforms) = postSolution
		{728EA93A-6DBB-44B6-B25F-7289236C54F9}.Debug|Any CPU.ActiveCfg = Debug|Any CPU
		{728EA93A-6DBB-44B6-B25F-7289236C54F9}.Debug|Any CPU.Build.0 = Debug|Any CPU
		{728EA93A-6DBB-44B6-B25F-7289236C54F9}.Release|Any CPU.ActiveCfg = Release|Any CPU
		{728EA93A-6DBB-44B6-B25F-7289236C54F9}.Release|Any CPU.Build.0 = Release|Any CPU
		{E3903AB6-A6C9-4E75-8F6D-B3078556E157}.Debug|Any CPU.ActiveCfg = Debug|Any CPU
		{E3903AB6-A6C9-4E75-8F6D-B3078556E157}.Debug|Any CPU.Build.0 = Debug|Any CPU
		{E3903AB6-A6C9-4E75-8F6D-B3078556E157}.Release|Any CPU.ActiveCfg = Release|Any CPU
		{E3903AB6-A6C9-4E75-8F6D-B3078556E157}.Release|Any CPU.Build.0 = Release|Any CPU
		{3AEE07EE-8549-407D-B8DF-85122FAD95E6}.Debug|Any CPU.ActiveCfg = Debug|Any CPU
		{3AEE07EE-8549-407D-B8DF-85122FAD95E6}.Debug|Any CPU.Build.0 = Debug|Any CPU
		{3AEE07EE-8549-407D-B8DF-85122FAD95E6}.Release|Any CPU.ActiveCfg = Release|Any CPU
		{3AEE07EE-8549-407D-B8DF-85122FAD95E6}.Release|Any CPU.Build.0 = Release|Any CPU
	EndGlobalSection
	GlobalSection(SolutionProperties) = preSolution
		HideSolutionNode = FALSE
	EndGlobalSection
	GlobalSection(ExtensibilityGlobals) = postSolution
		SolutionGuid = {F77E76C8-2665-4FAF-9B82-0685481267D6}
	EndGlobalSection
EndGlobal
